
Microsoft Visual Studio Solution File, Format Version 12.00
Project("{FAE04EC0-301F-11D3-BF4B-00C04F79EFBC}") = "Domain.App", "Domain.App\Domain.App.csproj", "{0EC8D4DF-67AF-49BD-85FB-C666DA8EA823}"
EndProject
Project("{FAE04EC0-301F-11D3-BF4B-00C04F79EFBC}") = "WebApp", "WebApp\WebApp.csproj", "{2ECED367-7E33-4C17-8720-8B8365D0B7E9}"
EndProject
Project("{FAE04EC0-301F-11D3-BF4B-00C04F79EFBC}") = "Domain.Contracts.Base", "Domain.Contracts.Base\Domain.Contracts.Base.csproj", "{852669D6-EEEE-495D-89AE-83D4A75073DA}"
EndProject
Project("{FAE04EC0-301F-11D3-BF4B-00C04F79EFBC}") = "Domain.Base", "Domain.Base\Domain.Base.csproj", "{79E3DCB7-5050-46AE-8E42-870076C99038}"
EndProject
Project("{2150E333-8FDC-42A3-9474-1A3956D46DE8}") = "APP", "APP", "{56880349-605E-4E2C-BD80-C7DAB014CF82}"
EndProject
Project("{2150E333-8FDC-42A3-9474-1A3956D46DE8}") = "BASE", "BASE", "{30B4BAA1-DAF5-4C01-A6F5-F5F80F33C0ED}"
EndProject
Project("{2150E333-8FDC-42A3-9474-1A3956D46DE8}") = "Contracts", "Contracts", "{140A11F9-DA7B-40DB-AFFE-A2B4C39FE93B}"
EndProject
Project("{FAE04EC0-301F-11D3-BF4B-00C04F79EFBC}") = "DAL.EF.APP", "DAL.EF.APP\DAL.EF.APP.csproj", "{38A3DD27-1F70-4769-88F0-B689885447A9}"
EndProject
Project("{FAE04EC0-301F-11D3-BF4B-00C04F79EFBC}") = "DAL.EF.BASE", "DAL.EF.BASE\DAL.EF.BASE.csproj", "{446F673F-47D8-4111-9B42-61876F867794}"
EndProject
Project("{FAE04EC0-301F-11D3-BF4B-00C04F79EFBC}") = "DAL.Contracts.Base", "DAL.Contracts.Base\DAL.Contracts.Base.csproj", "{BD01FAA1-DE0C-46F1-96C7-5D45413BC546}"
EndProject
Project("{2150E333-8FDC-42A3-9474-1A3956D46DE8}") = "Contracts", "Contracts", "{9B00EB7C-3CE6-4EE6-ABA4-21DF18B0C7ED}"
EndProject
Project("{FAE04EC0-301F-11D3-BF4B-00C04F79EFBC}") = "DAL.Contracts.App", "DAL.Contracts.App\DAL.Contracts.App.csproj", "{4785FF5D-6C29-4341-8891-B5F831B73321}"
EndProject
Project("{FAE04EC0-301F-11D3-BF4B-00C04F79EFBC}") = "Helpers.Base", "Helpers.Base\Helpers.Base.csproj", "{B2A8DD01-6145-4163-B875-03ACAFD63B13}"
EndProject
Project("{FAE04EC0-301F-11D3-BF4B-00C04F79EFBC}") = "Public.DTO", "Public.DTO\Public.DTO.csproj", "{15EE3224-3607-47CC-9AF6-EC3E3702EF65}"
EndProject
Project("{FAE04EC0-301F-11D3-BF4B-00C04F79EFBC}") = "Contracts.Base", "Contracts.Base\Contracts.Base.csproj", "{62FA6883-C1CB-418C-ACF6-B184D077D699}"
EndProject
Project("{FAE04EC0-301F-11D3-BF4B-00C04F79EFBC}") = "DAL.BASE", "DAL.BASE\DAL.BASE.csproj", "{F09E92F8-F64D-462C-8A2B-36D233E61143}"
EndProject
Project("{FAE04EC0-301F-11D3-BF4B-00C04F79EFBC}") = "DAL.DTO", "DAL.DTO\DAL.DTO.csproj", "{BE4DAD36-B9B6-490A-98E2-56390C822A4D}"
EndProject
Project("{FAE04EC0-301F-11D3-BF4B-00C04F79EFBC}") = "BLL.Base", "BLL.Base\BLL.Base.csproj", "{26C1CF64-087C-4408-82B3-B39C951F31EB}"
EndProject
Project("{FAE04EC0-301F-11D3-BF4B-00C04F79EFBC}") = "BLL.Contracts.Base", "BLL.Contracts.Base\BLL.Contracts.Base.csproj", "{5BDDD3C6-308C-48FD-B808-103C33D53C94}"
EndProject
Project("{FAE04EC0-301F-11D3-BF4B-00C04F79EFBC}") = "BLL.App", "BLL.App\BLL.App.csproj", "{02F63DA0-0BB3-4BFE-A6EE-18735CDC478C}"
EndProject
Project("{FAE04EC0-301F-11D3-BF4B-00C04F79EFBC}") = "BLL.DTO", "BLL.DTO\BLL.DTO.csproj", "{023AEFD8-5A3C-413E-B46E-1EF281E593D3}"
EndProject
Project("{FAE04EC0-301F-11D3-BF4B-00C04F79EFBC}") = "BLL.Contracts.App", "BLL.Contracts.App\BLL.Contracts.App.csproj", "{2C62A06B-42DF-4E9F-805F-A251500365D8}"
EndProject
Project("{FAE04EC0-301F-11D3-BF4B-00C04F79EFBC}") = "Tests", "Tests\Tests.csproj", "{C56FC122-7CCF-4721-AA99-3D760C0393DB}"
EndProject
Project("{2150E333-8FDC-42A3-9474-1A3956D46DE8}") = "SolutionFolder", "SolutionFolder", "{EF7E841E-82EC-43CC-B7E5-710B66D0406E}"
	ProjectSection(SolutionItems) = preProject
		Dockerfile = Dockerfile
		.dockerignore = .dockerignore
		..\docker-compose.yml = ..\docker-compose.yml
	EndProjectSection
EndProject
Global
	GlobalSection(SolutionConfigurationPlatforms) = preSolution
		Debug|Any CPU = Debug|Any CPU
		Release|Any CPU = Release|Any CPU
	EndGlobalSection
	GlobalSection(ProjectConfigurationPlatforms) = postSolution
		{0EC8D4DF-67AF-49BD-85FB-C666DA8EA823}.Debug|Any CPU.ActiveCfg = Debug|Any CPU
		{0EC8D4DF-67AF-49BD-85FB-C666DA8EA823}.Debug|Any CPU.Build.0 = Debug|Any CPU
		{0EC8D4DF-67AF-49BD-85FB-C666DA8EA823}.Release|Any CPU.ActiveCfg = Release|Any CPU
		{0EC8D4DF-67AF-49BD-85FB-C666DA8EA823}.Release|Any CPU.Build.0 = Release|Any CPU
		{2ECED367-7E33-4C17-8720-8B8365D0B7E9}.Debug|Any CPU.ActiveCfg = Debug|Any CPU
		{2ECED367-7E33-4C17-8720-8B8365D0B7E9}.Debug|Any CPU.Build.0 = Debug|Any CPU
		{2ECED367-7E33-4C17-8720-8B8365D0B7E9}.Release|Any CPU.ActiveCfg = Release|Any CPU
		{2ECED367-7E33-4C17-8720-8B8365D0B7E9}.Release|Any CPU.Build.0 = Release|Any CPU
		{852669D6-EEEE-495D-89AE-83D4A75073DA}.Debug|Any CPU.ActiveCfg = Debug|Any CPU
		{852669D6-EEEE-495D-89AE-83D4A75073DA}.Debug|Any CPU.Build.0 = Debug|Any CPU
		{852669D6-EEEE-495D-89AE-83D4A75073DA}.Release|Any CPU.ActiveCfg = Release|Any CPU
		{852669D6-EEEE-495D-89AE-83D4A75073DA}.Release|Any CPU.Build.0 = Release|Any CPU
		{79E3DCB7-5050-46AE-8E42-870076C99038}.Debug|Any CPU.ActiveCfg = Debug|Any CPU
		{79E3DCB7-5050-46AE-8E42-870076C99038}.Debug|Any CPU.Build.0 = Debug|Any CPU
		{79E3DCB7-5050-46AE-8E42-870076C99038}.Release|Any CPU.ActiveCfg = Release|Any CPU
		{79E3DCB7-5050-46AE-8E42-870076C99038}.Release|Any CPU.Build.0 = Release|Any CPU
		{38A3DD27-1F70-4769-88F0-B689885447A9}.Debug|Any CPU.ActiveCfg = Debug|Any CPU
		{38A3DD27-1F70-4769-88F0-B689885447A9}.Debug|Any CPU.Build.0 = Debug|Any CPU
		{38A3DD27-1F70-4769-88F0-B689885447A9}.Release|Any CPU.ActiveCfg = Release|Any CPU
		{38A3DD27-1F70-4769-88F0-B689885447A9}.Release|Any CPU.Build.0 = Release|Any CPU
		{446F673F-47D8-4111-9B42-61876F867794}.Debug|Any CPU.ActiveCfg = Debug|Any CPU
		{446F673F-47D8-4111-9B42-61876F867794}.Debug|Any CPU.Build.0 = Debug|Any CPU
		{446F673F-47D8-4111-9B42-61876F867794}.Release|Any CPU.ActiveCfg = Release|Any CPU
		{446F673F-47D8-4111-9B42-61876F867794}.Release|Any CPU.Build.0 = Release|Any CPU
		{BD01FAA1-DE0C-46F1-96C7-5D45413BC546}.Debug|Any CPU.ActiveCfg = Debug|Any CPU
		{BD01FAA1-DE0C-46F1-96C7-5D45413BC546}.Debug|Any CPU.Build.0 = Debug|Any CPU
		{BD01FAA1-DE0C-46F1-96C7-5D45413BC546}.Release|Any CPU.ActiveCfg = Release|Any CPU
		{BD01FAA1-DE0C-46F1-96C7-5D45413BC546}.Release|Any CPU.Build.0 = Release|Any CPU
		{4785FF5D-6C29-4341-8891-B5F831B73321}.Debug|Any CPU.ActiveCfg = Debug|Any CPU
		{4785FF5D-6C29-4341-8891-B5F831B73321}.Debug|Any CPU.Build.0 = Debug|Any CPU
		{4785FF5D-6C29-4341-8891-B5F831B73321}.Release|Any CPU.ActiveCfg = Release|Any CPU
		{4785FF5D-6C29-4341-8891-B5F831B73321}.Release|Any CPU.Build.0 = Release|Any CPU
		{B2A8DD01-6145-4163-B875-03ACAFD63B13}.Debug|Any CPU.ActiveCfg = Debug|Any CPU
		{B2A8DD01-6145-4163-B875-03ACAFD63B13}.Debug|Any CPU.Build.0 = Debug|Any CPU
		{B2A8DD01-6145-4163-B875-03ACAFD63B13}.Release|Any CPU.ActiveCfg = Release|Any CPU
		{B2A8DD01-6145-4163-B875-03ACAFD63B13}.Release|Any CPU.Build.0 = Release|Any CPU
		{15EE3224-3607-47CC-9AF6-EC3E3702EF65}.Debug|Any CPU.ActiveCfg = Debug|Any CPU
		{15EE3224-3607-47CC-9AF6-EC3E3702EF65}.Debug|Any CPU.Build.0 = Debug|Any CPU
		{15EE3224-3607-47CC-9AF6-EC3E3702EF65}.Release|Any CPU.ActiveCfg = Release|Any CPU
		{15EE3224-3607-47CC-9AF6-EC3E3702EF65}.Release|Any CPU.Build.0 = Release|Any CPU
		{62FA6883-C1CB-418C-ACF6-B184D077D699}.Debug|Any CPU.ActiveCfg = Debug|Any CPU
		{62FA6883-C1CB-418C-ACF6-B184D077D699}.Debug|Any CPU.Build.0 = Debug|Any CPU
		{62FA6883-C1CB-418C-ACF6-B184D077D699}.Release|Any CPU.ActiveCfg = Release|Any CPU
		{62FA6883-C1CB-418C-ACF6-B184D077D699}.Release|Any CPU.Build.0 = Release|Any CPU
		{F09E92F8-F64D-462C-8A2B-36D233E61143}.Debug|Any CPU.ActiveCfg = Debug|Any CPU
		{F09E92F8-F64D-462C-8A2B-36D233E61143}.Debug|Any CPU.Build.0 = Debug|Any CPU
		{F09E92F8-F64D-462C-8A2B-36D233E61143}.Release|Any CPU.ActiveCfg = Release|Any CPU
		{F09E92F8-F64D-462C-8A2B-36D233E61143}.Release|Any CPU.Build.0 = Release|Any CPU
		{BE4DAD36-B9B6-490A-98E2-56390C822A4D}.Debug|Any CPU.ActiveCfg = Debug|Any CPU
		{BE4DAD36-B9B6-490A-98E2-56390C822A4D}.Debug|Any CPU.Build.0 = Debug|Any CPU
		{BE4DAD36-B9B6-490A-98E2-56390C822A4D}.Release|Any CPU.ActiveCfg = Release|Any CPU
		{BE4DAD36-B9B6-490A-98E2-56390C822A4D}.Release|Any CPU.Build.0 = Release|Any CPU
		{26C1CF64-087C-4408-82B3-B39C951F31EB}.Debug|Any CPU.ActiveCfg = Debug|Any CPU
		{26C1CF64-087C-4408-82B3-B39C951F31EB}.Debug|Any CPU.Build.0 = Debug|Any CPU
		{26C1CF64-087C-4408-82B3-B39C951F31EB}.Release|Any CPU.ActiveCfg = Release|Any CPU
		{26C1CF64-087C-4408-82B3-B39C951F31EB}.Release|Any CPU.Build.0 = Release|Any CPU
		{5BDDD3C6-308C-48FD-B808-103C33D53C94}.Debug|Any CPU.ActiveCfg = Debug|Any CPU
		{5BDDD3C6-308C-48FD-B808-103C33D53C94}.Debug|Any CPU.Build.0 = Debug|Any CPU
		{5BDDD3C6-308C-48FD-B808-103C33D53C94}.Release|Any CPU.ActiveCfg = Release|Any CPU
		{5BDDD3C6-308C-48FD-B808-103C33D53C94}.Release|Any CPU.Build.0 = Release|Any CPU
		{02F63DA0-0BB3-4BFE-A6EE-18735CDC478C}.Debug|Any CPU.ActiveCfg = Debug|Any CPU
		{02F63DA0-0BB3-4BFE-A6EE-18735CDC478C}.Debug|Any CPU.Build.0 = Debug|Any CPU
		{02F63DA0-0BB3-4BFE-A6EE-18735CDC478C}.Release|Any CPU.ActiveCfg = Release|Any CPU
		{02F63DA0-0BB3-4BFE-A6EE-18735CDC478C}.Release|Any CPU.Build.0 = Release|Any CPU
		{023AEFD8-5A3C-413E-B46E-1EF281E593D3}.Debug|Any CPU.ActiveCfg = Debug|Any CPU
		{023AEFD8-5A3C-413E-B46E-1EF281E593D3}.Debug|Any CPU.Build.0 = Debug|Any CPU
		{023AEFD8-5A3C-413E-B46E-1EF281E593D3}.Release|Any CPU.ActiveCfg = Release|Any CPU
		{023AEFD8-5A3C-413E-B46E-1EF281E593D3}.Release|Any CPU.Build.0 = Release|Any CPU
		{2C62A06B-42DF-4E9F-805F-A251500365D8}.Debug|Any CPU.ActiveCfg = Debug|Any CPU
		{2C62A06B-42DF-4E9F-805F-A251500365D8}.Debug|Any CPU.Build.0 = Debug|Any CPU
		{2C62A06B-42DF-4E9F-805F-A251500365D8}.Release|Any CPU.ActiveCfg = Release|Any CPU
		{2C62A06B-42DF-4E9F-805F-A251500365D8}.Release|Any CPU.Build.0 = Release|Any CPU
		{C56FC122-7CCF-4721-AA99-3D760C0393DB}.Debug|Any CPU.ActiveCfg = Debug|Any CPU
		{C56FC122-7CCF-4721-AA99-3D760C0393DB}.Debug|Any CPU.Build.0 = Debug|Any CPU
		{C56FC122-7CCF-4721-AA99-3D760C0393DB}.Release|Any CPU.ActiveCfg = Release|Any CPU
		{C56FC122-7CCF-4721-AA99-3D760C0393DB}.Release|Any CPU.Build.0 = Release|Any CPU
	EndGlobalSection
	GlobalSection(NestedProjects) = preSolution
		{140A11F9-DA7B-40DB-AFFE-A2B4C39FE93B} = {30B4BAA1-DAF5-4C01-A6F5-F5F80F33C0ED}
		{852669D6-EEEE-495D-89AE-83D4A75073DA} = {140A11F9-DA7B-40DB-AFFE-A2B4C39FE93B}
		{79E3DCB7-5050-46AE-8E42-870076C99038} = {30B4BAA1-DAF5-4C01-A6F5-F5F80F33C0ED}
		{2ECED367-7E33-4C17-8720-8B8365D0B7E9} = {56880349-605E-4E2C-BD80-C7DAB014CF82}
		{38A3DD27-1F70-4769-88F0-B689885447A9} = {56880349-605E-4E2C-BD80-C7DAB014CF82}
		{0EC8D4DF-67AF-49BD-85FB-C666DA8EA823} = {56880349-605E-4E2C-BD80-C7DAB014CF82}
		{446F673F-47D8-4111-9B42-61876F867794} = {30B4BAA1-DAF5-4C01-A6F5-F5F80F33C0ED}
		{BD01FAA1-DE0C-46F1-96C7-5D45413BC546} = {140A11F9-DA7B-40DB-AFFE-A2B4C39FE93B}
		{9B00EB7C-3CE6-4EE6-ABA4-21DF18B0C7ED} = {56880349-605E-4E2C-BD80-C7DAB014CF82}
		{4785FF5D-6C29-4341-8891-B5F831B73321} = {9B00EB7C-3CE6-4EE6-ABA4-21DF18B0C7ED}
		{B2A8DD01-6145-4163-B875-03ACAFD63B13} = {30B4BAA1-DAF5-4C01-A6F5-F5F80F33C0ED}
		{15EE3224-3607-47CC-9AF6-EC3E3702EF65} = {56880349-605E-4E2C-BD80-C7DAB014CF82}
		{62FA6883-C1CB-418C-ACF6-B184D077D699} = {140A11F9-DA7B-40DB-AFFE-A2B4C39FE93B}
		{F09E92F8-F64D-462C-8A2B-36D233E61143} = {30B4BAA1-DAF5-4C01-A6F5-F5F80F33C0ED}
		{BE4DAD36-B9B6-490A-98E2-56390C822A4D} = {56880349-605E-4E2C-BD80-C7DAB014CF82}
		{26C1CF64-087C-4408-82B3-B39C951F31EB} = {30B4BAA1-DAF5-4C01-A6F5-F5F80F33C0ED}
		{5BDDD3C6-308C-48FD-B808-103C33D53C94} = {140A11F9-DA7B-40DB-AFFE-A2B4C39FE93B}
		{02F63DA0-0BB3-4BFE-A6EE-18735CDC478C} = {56880349-605E-4E2C-BD80-C7DAB014CF82}
		{023AEFD8-5A3C-413E-B46E-1EF281E593D3} = {56880349-605E-4E2C-BD80-C7DAB014CF82}
		{2C62A06B-42DF-4E9F-805F-A251500365D8} = {9B00EB7C-3CE6-4EE6-ABA4-21DF18B0C7ED}
		{C56FC122-7CCF-4721-AA99-3D760C0393DB} = {56880349-605E-4E2C-BD80-C7DAB014CF82}
	EndGlobalSection
EndGlobal
